
Microsoft Visual Studio Solution File, Format Version 12.00
# Visual Studio Version 16
VisualStudioVersion = 16.0.30413.136
MinimumVisualStudioVersion = 10.0.40219.1
Project("{8BC9CEB8-8B4A-11D0-8D11-00A0C91BC942}") = "Manual Map Injector", "Manual Map Injector\Manual Map Injector.vcxproj", "{8E30BB13-F263-4EAF-A17D-DB0906099AAC}"
EndProject
Global
	GlobalSection(SolutionConfigurationPlatforms) = preSolution
		Debug|x64 = Debug|x64
		Debug|x86 = Debug|x86
		Release|x64 = Release|x64
		Release|x86 = Release|x86
	EndGlobalSection
	GlobalSection(ProjectConfigurationPlatforms) = postSolution
		{8E30BB13-F263-4EAF-A17D-DB0906099AAC}.Debug|x64.ActiveCfg = Debug|x64
		{8E30BB13-F263-4EAF-A17D-DB0906099AAC}.Debug|x64.Build.0 = Debug|x64
		{8E30BB13-F263-4EAF-A17D-DB0906099AAC}.Debug|x86.ActiveCfg = Debug|Win32
		{8E30BB13-F263-4EAF-A17D-DB0906099AAC}.Debug|x86.Build.0 = Debug|Win32
		{8E30BB13-F263-4EAF-A17D-DB0906099AAC}.Release|x64.ActiveCfg = Release|x64
		{8E30BB13-F263-4EAF-A17D-DB0906099AAC}.Release|x64.Build.0 = Release|x64
		{8E30BB13-F263-4EAF-A17D-DB0906099AAC}.Release|x86.ActiveCfg = Release|Win32
		{8E30BB13-F263-4EAF-A17D-DB0906099AAC}.Release|x86.Build.0 = Release|Win32
	EndGlobalSection
	GlobalSection(SolutionProperties) = preSolution
		HideSolutionNode = FALSE
	EndGlobalSection
	GlobalSection(ExtensibilityGlobals) = postSolution
		SolutionGuid = {73D095A9-52CC-4F6F-8AE0-578FD00C05D9}
	EndGlobalSection
EndGlobal
